
Microsoft Visual Studio Solution File, Format Version 12.00
# Visual Studio 15
VisualStudioVersion = 15.0.28010.2019
MinimumVisualStudioVersion = 10.0.40219.1
Project("{FAE04EC0-301F-11D3-BF4B-00C04F79EFBC}") = "Cars", "Cars\Cars.csproj", "{733A3C9F-FC2C-4636-AA32-DB9BF84AC0A3}"
EndProject
Project("{FAE04EC0-301F-11D3-BF4B-00C04F79EFBC}") = "Books", "Books\Books.csproj", "{329AE3B2-EC3C-4129-8452-81A0A9C6CA6F}"
EndProject
Project("{FAE04EC0-301F-11D3-BF4B-00C04F79EFBC}") = "BooksAnswers", "BooksAnswers\BooksAnswers.csproj", "{B0231BFD-8FEB-45C2-8255-9DEBE9D19275}"
EndProject
Project("{FAE04EC0-301F-11D3-BF4B-00C04F79EFBC}") = "ObjectOrientationPrinciples", "ObjectOrientationPrinciples\ObjectOrientationPrinciples.csproj", "{A6C87F4B-3AAD-4D4B-B9B9-2FCDC7A10E36}"
EndProject
Project("{FAE04EC0-301F-11D3-BF4B-00C04F79EFBC}") = "Calculator", "Calculator\Calculator.csproj", "{578D0224-2A1C-4722-B19C-106E779D3C08}"
EndProject
Project("{FAE04EC0-301F-11D3-BF4B-00C04F79EFBC}") = "CalculatorAnswers", "CalculatorAnswers\CalculatorAnswers.csproj", "{F9948630-AAAB-46E1-91F1-17C875278896}"
EndProject
Global
	GlobalSection(SolutionConfigurationPlatforms) = preSolution
		Debug|Any CPU = Debug|Any CPU
		Release|Any CPU = Release|Any CPU
	EndGlobalSection
	GlobalSection(ProjectConfigurationPlatforms) = postSolution
		{733A3C9F-FC2C-4636-AA32-DB9BF84AC0A3}.Debug|Any CPU.ActiveCfg = Debug|Any CPU
		{733A3C9F-FC2C-4636-AA32-DB9BF84AC0A3}.Debug|Any CPU.Build.0 = Debug|Any CPU
		{733A3C9F-FC2C-4636-AA32-DB9BF84AC0A3}.Release|Any CPU.ActiveCfg = Release|Any CPU
		{733A3C9F-FC2C-4636-AA32-DB9BF84AC0A3}.Release|Any CPU.Build.0 = Release|Any CPU
		{329AE3B2-EC3C-4129-8452-81A0A9C6CA6F}.Debug|Any CPU.ActiveCfg = Debug|Any CPU
		{329AE3B2-EC3C-4129-8452-81A0A9C6CA6F}.Debug|Any CPU.Build.0 = Debug|Any CPU
		{329AE3B2-EC3C-4129-8452-81A0A9C6CA6F}.Release|Any CPU.ActiveCfg = Release|Any CPU
		{329AE3B2-EC3C-4129-8452-81A0A9C6CA6F}.Release|Any CPU.Build.0 = Release|Any CPU
		{B0231BFD-8FEB-45C2-8255-9DEBE9D19275}.Debug|Any CPU.ActiveCfg = Debug|Any CPU
		{B0231BFD-8FEB-45C2-8255-9DEBE9D19275}.Debug|Any CPU.Build.0 = Debug|Any CPU
		{B0231BFD-8FEB-45C2-8255-9DEBE9D19275}.Release|Any CPU.ActiveCfg = Release|Any CPU
		{B0231BFD-8FEB-45C2-8255-9DEBE9D19275}.Release|Any CPU.Build.0 = Release|Any CPU
		{A6C87F4B-3AAD-4D4B-B9B9-2FCDC7A10E36}.Debug|Any CPU.ActiveCfg = Debug|Any CPU
		{A6C87F4B-3AAD-4D4B-B9B9-2FCDC7A10E36}.Debug|Any CPU.Build.0 = Debug|Any CPU
		{A6C87F4B-3AAD-4D4B-B9B9-2FCDC7A10E36}.Release|Any CPU.ActiveCfg = Release|Any CPU
		{A6C87F4B-3AAD-4D4B-B9B9-2FCDC7A10E36}.Release|Any CPU.Build.0 = Release|Any CPU
		{578D0224-2A1C-4722-B19C-106E779D3C08}.Debug|Any CPU.ActiveCfg = Debug|Any CPU
		{578D0224-2A1C-4722-B19C-106E779D3C08}.Debug|Any CPU.Build.0 = Debug|Any CPU
		{578D0224-2A1C-4722-B19C-106E779D3C08}.Release|Any CPU.ActiveCfg = Release|Any CPU
		{578D0224-2A1C-4722-B19C-106E779D3C08}.Release|Any CPU.Build.0 = Release|Any CPU
		{F9948630-AAAB-46E1-91F1-17C875278896}.Debug|Any CPU.ActiveCfg = Debug|Any CPU
		{F9948630-AAAB-46E1-91F1-17C875278896}.Debug|Any CPU.Build.0 = Debug|Any CPU
		{F9948630-AAAB-46E1-91F1-17C875278896}.Release|Any CPU.ActiveCfg = Release|Any CPU
		{F9948630-AAAB-46E1-91F1-17C875278896}.Release|Any CPU.Build.0 = Release|Any CPU
	EndGlobalSection
	GlobalSection(SolutionProperties) = preSolution
		HideSolutionNode = FALSE
	EndGlobalSection
	GlobalSection(ExtensibilityGlobals) = postSolution
		SolutionGuid = {221150E5-6D83-4B98-9A00-378F94082ACE}
	EndGlobalSection
EndGlobal
